
Microsoft Visual Studio Solution File, Format Version 12.00
# Visual Studio 2013
VisualStudioVersion = 12.0.30723.0
MinimumVisualStudioVersion = 10.0.40219.1
Project("{FAE04EC0-301F-11D3-BF4B-00C04F79EFBC}") = "EasySubtitle.Console", "EasySubtitle.Console\EasySubtitle.Console.csproj", "{A87385EA-2865-4DA2-865A-1D88021D7791}"
EndProject
Project("{FAE04EC0-301F-11D3-BF4B-00C04F79EFBC}") = "EasySubtitle.ShellExtension", "EasySubtitle.ShellExtension\EasySubtitle.ShellExtension.csproj", "{4D780746-B4DD-4E3D-8CF9-AEAC47919054}"
EndProject
Project("{FAE04EC0-301F-11D3-BF4B-00C04F79EFBC}") = "EasySubtitle.Tests", "EasySubtitle.Tests\EasySubtitle.Tests.csproj", "{8FB6E29C-A432-404A-A92B-F538F3860C53}"
EndProject
Project("{FAE04EC0-301F-11D3-BF4B-00C04F79EFBC}") = "EasySubtitle.WPF", "EasySubtitle.WPF\EasySubtitle.WPF.csproj", "{E18BFF67-6B78-4879-8BAB-48053DC6C3BD}"
EndProject
Global
	GlobalSection(SolutionConfigurationPlatforms) = preSolution
		Debug|Any CPU = Debug|Any CPU
		Release|Any CPU = Release|Any CPU
	EndGlobalSection
	GlobalSection(ProjectConfigurationPlatforms) = postSolution
		{A87385EA-2865-4DA2-865A-1D88021D7791}.Debug|Any CPU.ActiveCfg = Debug|Any CPU
		{A87385EA-2865-4DA2-865A-1D88021D7791}.Debug|Any CPU.Build.0 = Debug|Any CPU
		{A87385EA-2865-4DA2-865A-1D88021D7791}.Release|Any CPU.ActiveCfg = Release|Any CPU
		{A87385EA-2865-4DA2-865A-1D88021D7791}.Release|Any CPU.Build.0 = Release|Any CPU
		{4D780746-B4DD-4E3D-8CF9-AEAC47919054}.Debug|Any CPU.ActiveCfg = Debug|Any CPU
		{4D780746-B4DD-4E3D-8CF9-AEAC47919054}.Debug|Any CPU.Build.0 = Debug|Any CPU
		{4D780746-B4DD-4E3D-8CF9-AEAC47919054}.Release|Any CPU.ActiveCfg = Release|Any CPU
		{4D780746-B4DD-4E3D-8CF9-AEAC47919054}.Release|Any CPU.Build.0 = Release|Any CPU
		{8FB6E29C-A432-404A-A92B-F538F3860C53}.Debug|Any CPU.ActiveCfg = Debug|Any CPU
		{8FB6E29C-A432-404A-A92B-F538F3860C53}.Debug|Any CPU.Build.0 = Debug|Any CPU
		{8FB6E29C-A432-404A-A92B-F538F3860C53}.Release|Any CPU.ActiveCfg = Release|Any CPU
		{8FB6E29C-A432-404A-A92B-F538F3860C53}.Release|Any CPU.Build.0 = Release|Any CPU
		{E18BFF67-6B78-4879-8BAB-48053DC6C3BD}.Debug|Any CPU.ActiveCfg = Debug|Any CPU
		{E18BFF67-6B78-4879-8BAB-48053DC6C3BD}.Debug|Any CPU.Build.0 = Debug|Any CPU
		{E18BFF67-6B78-4879-8BAB-48053DC6C3BD}.Release|Any CPU.ActiveCfg = Release|Any CPU
		{E18BFF67-6B78-4879-8BAB-48053DC6C3BD}.Release|Any CPU.Build.0 = Release|Any CPU
	EndGlobalSection
	GlobalSection(SolutionProperties) = preSolution
		HideSolutionNode = FALSE
	EndGlobalSection
EndGlobal
